
Microsoft Visual Studio Solution File, Format Version 12.00
# Visual Studio Version 16
VisualStudioVersion = 16.0.33027.164
MinimumVisualStudioVersion = 10.0.40219.1
Project("{888888A0-9F3D-457C-B088-3A5042F75D52}") = "ApiTools", "ApiTools.pyproj", "{44133FA6-3E12-4E84-9E77-478B46A4B35D}"
EndProject
Global
	GlobalSection(SolutionConfigurationPlatforms) = preSolution
		Debug|Any CPU = Debug|Any CPU
		Release|Any CPU = Release|Any CPU
	EndGlobalSection
	GlobalSection(ProjectConfigurationPlatforms) = postSolution
		{44133FA6-3E12-4E84-9E77-478B46A4B35D}.Debug|Any CPU.ActiveCfg = Debug|Any CPU
		{44133FA6-3E12-4E84-9E77-478B46A4B35D}.Release|Any CPU.ActiveCfg = Release|Any CPU
	EndGlobalSection
	GlobalSection(SolutionProperties) = preSolution
		HideSolutionNode = FALSE
	EndGlobalSection
	GlobalSection(ExtensibilityGlobals) = postSolution
		SolutionGuid = {F05940B1-4C98-4767-B344-05F31AD8EB65}
	EndGlobalSection
EndGlobal
