
Microsoft Visual Studio Solution File, Format Version 12.00
# Visual Studio Version 16
VisualStudioVersion = 16.0.33027.164
MinimumVisualStudioVersion = 10.0.40219.1
Project("{888888A0-9F3D-457C-B088-3A5042F75D52}") = "ApiTools", "ApiTools.pyproj", "{44133FA6-3E12-4E84-9E77-478B46A4B35D}"
EndProject
Project("{888888A0-9F3D-457C-B088-3A5042F75D52}") = "update_doc", "tools\update_doc\update_doc.pyproj", "{337183EE-0B53-41DD-A441-92ECBD605810}"
EndProject
Project("{888888A0-9F3D-457C-B088-3A5042F75D52}") = "scripts", "tools\scripts\scripts.pyproj", "{37B51BE2-CD8A-4CB9-A6B9-6F6A257AB419}"
EndProject
Global
	GlobalSection(SolutionConfigurationPlatforms) = preSolution
		Debug|Any CPU = Debug|Any CPU
		Release|Any CPU = Release|Any CPU
	EndGlobalSection
	GlobalSection(ProjectConfigurationPlatforms) = postSolution
		{44133FA6-3E12-4E84-9E77-478B46A4B35D}.Debug|Any CPU.ActiveCfg = Debug|Any CPU
		{44133FA6-3E12-4E84-9E77-478B46A4B35D}.Release|Any CPU.ActiveCfg = Release|Any CPU
		{337183EE-0B53-41DD-A441-92ECBD605810}.Debug|Any CPU.ActiveCfg = Debug|Any CPU
		{337183EE-0B53-41DD-A441-92ECBD605810}.Release|Any CPU.ActiveCfg = Release|Any CPU
		{37B51BE2-CD8A-4CB9-A6B9-6F6A257AB419}.Debug|Any CPU.ActiveCfg = Debug|Any CPU
		{37B51BE2-CD8A-4CB9-A6B9-6F6A257AB419}.Release|Any CPU.ActiveCfg = Release|Any CPU
	EndGlobalSection
	GlobalSection(SolutionProperties) = preSolution
		HideSolutionNode = FALSE
	EndGlobalSection
	GlobalSection(ExtensibilityGlobals) = postSolution
		SolutionGuid = {F05940B1-4C98-4767-B344-05F31AD8EB65}
	EndGlobalSection
EndGlobal
